// !$*UTF8*$!
{
	archiveVersion = 1;
	classes = {
	};
	objectVersion = 46;
	objects = {

/* Begin PBXBuildFile section */
		3ACAE7E61DFEF67900DDA7FA /* AI.cpp in Sources */ = {isa = PBXBuildFile; fileRef = 3ACAE7B61DFEF67900DDA7FA /* AI.cpp */; };
		3ACAE7E71DFEF67900DDA7FA /* Constants.cpp in Sources */ = {isa = PBXBuildFile; fileRef = 3ACAE7BA1DFEF67900DDA7FA /* Constants.cpp */; };
		3ACAE7E81DFEF67900DDA7FA /* Controller.cpp in Sources */ = {isa = PBXBuildFile; fileRef = 3ACAE7BC1DFEF67900DDA7FA /* Controller.cpp */; };
		3ACAE7E91DFEF67900DDA7FA /* Event.cpp in Sources */ = {isa = PBXBuildFile; fileRef = 3ACAE7BE1DFEF67900DDA7FA /* Event.cpp */; };
		3ACAE7EA1DFEF67900DDA7FA /* EventHandler.cpp in Sources */ = {isa = PBXBuildFile; fileRef = 3ACAE7C01DFEF67900DDA7FA /* EventHandler.cpp */; };
		3ACAE7EB1DFEF67900DDA7FA /* Game.cpp in Sources */ = {isa = PBXBuildFile; fileRef = 3ACAE7C41DFEF67900DDA7FA /* Game.cpp */; };
		3ACAE7EC1DFEF67900DDA7FA /* GameEvent.cpp in Sources */ = {isa = PBXBuildFile; fileRef = 3ACAE7C61DFEF67900DDA7FA /* GameEvent.cpp */; };
		3ACAE7ED1DFEF67900DDA7FA /* Graph.cpp in Sources */ = {isa = PBXBuildFile; fileRef = 3ACAE7C81DFEF67900DDA7FA /* Graph.cpp */; };
		3ACAE7EE1DFEF67900DDA7FA /* json_reader.cpp in Sources */ = {isa = PBXBuildFile; fileRef = 3ACAE7CD1DFEF67900DDA7FA /* json_reader.cpp */; };
		3ACAE7EF1DFEF67900DDA7FA /* json_value.cpp in Sources */ = {isa = PBXBuildFile; fileRef = 3ACAE7CE1DFEF67900DDA7FA /* json_value.cpp */; };
		3ACAE7F01DFEF67900DDA7FA /* json_writer.cpp in Sources */ = {isa = PBXBuildFile; fileRef = 3ACAE7D01DFEF67900DDA7FA /* json_writer.cpp */; };
		3ACAE7F11DFEF67900DDA7FA /* main.cpp in Sources */ = {isa = PBXBuildFile; fileRef = 3ACAE7D21DFEF67900DDA7FA /* main.cpp */; };
		3ACAE7F21DFEF67900DDA7FA /* Makefile in Sources */ = {isa = PBXBuildFile; fileRef = 3ACAE7D31DFEF67900DDA7FA /* Makefile */; };
		3ACAE7F31DFEF67900DDA7FA /* Message.cpp in Sources */ = {isa = PBXBuildFile; fileRef = 3ACAE7D41DFEF67900DDA7FA /* Message.cpp */; };
		3ACAE7F41DFEF67900DDA7FA /* Network.cpp in Sources */ = {isa = PBXBuildFile; fileRef = 3ACAE7D61DFEF67900DDA7FA /* Network.cpp */; };
		3ACAE7F51DFEF67900DDA7FA /* Node.cpp in Sources */ = {isa = PBXBuildFile; fileRef = 3ACAE7D81DFEF67900DDA7FA /* Node.cpp */; };
		3ACAE7F61DFEF67900DDA7FA /* Parser.cpp in Sources */ = {isa = PBXBuildFile; fileRef = 3ACAE7DA1DFEF67900DDA7FA /* Parser.cpp */; };
		3ACAE7F71DFEF67900DDA7FA /* Queue.cpp in Sources */ = {isa = PBXBuildFile; fileRef = 3ACAE7DC1DFEF67900DDA7FA /* Queue.cpp */; };
		3ACAE7F81DFEF67900DDA7FA /* SubPacket.cpp in Sources */ = {isa = PBXBuildFile; fileRef = 3ACAE7DF1DFEF67900DDA7FA /* SubPacket.cpp */; };
		3ACAE7F91DFEF67900DDA7FA /* World.cpp in Sources */ = {isa = PBXBuildFile; fileRef = 3ACAE7E31DFEF67900DDA7FA /* World.cpp */; };
/* End PBXBuildFile section */

/* Begin PBXCopyFilesBuildPhase section */
		3ACAE7AA1DFEF63600DDA7FA /* CopyFiles */ = {
			isa = PBXCopyFilesBuildPhase;
			buildActionMask = 2147483647;
			dstPath = /usr/share/man/man1/;
			dstSubfolderSpec = 0;
			files = (
			);
			runOnlyForDeploymentPostprocessing = 1;
		};
/* End PBXCopyFilesBuildPhase section */

/* Begin PBXFileReference section */
		3ACAE7AC1DFEF63600DDA7FA /* DS-AI-Challange */ = {isa = PBXFileReference; explicitFileType = "compiled.mach-o.executable"; includeInIndex = 0; path = "DS-AI-Challange"; sourceTree = BUILT_PRODUCTS_DIR; };
		3ACAE7B61DFEF67900DDA7FA /* AI.cpp */ = {isa = PBXFileReference; fileEncoding = 4; lastKnownFileType = sourcecode.cpp.cpp; path = AI.cpp; sourceTree = "<group>"; };
		3ACAE7B71DFEF67900DDA7FA /* AI.h */ = {isa = PBXFileReference; fileEncoding = 4; lastKnownFileType = sourcecode.c.h; path = AI.h; sourceTree = "<group>"; };
		3ACAE7B81DFEF67900DDA7FA /* autolink.h */ = {isa = PBXFileReference; fileEncoding = 4; lastKnownFileType = sourcecode.c.h; path = autolink.h; sourceTree = "<group>"; };
		3ACAE7B91DFEF67900DDA7FA /* config.h */ = {isa = PBXFileReference; fileEncoding = 4; lastKnownFileType = sourcecode.c.h; path = config.h; sourceTree = "<group>"; };
		3ACAE7BA1DFEF67900DDA7FA /* Constants.cpp */ = {isa = PBXFileReference; fileEncoding = 4; lastKnownFileType = sourcecode.cpp.cpp; path = Constants.cpp; sourceTree = "<group>"; };
		3ACAE7BB1DFEF67900DDA7FA /* Constants.h */ = {isa = PBXFileReference; fileEncoding = 4; lastKnownFileType = sourcecode.c.h; path = Constants.h; sourceTree = "<group>"; };
		3ACAE7BC1DFEF67900DDA7FA /* Controller.cpp */ = {isa = PBXFileReference; fileEncoding = 4; lastKnownFileType = sourcecode.cpp.cpp; path = Controller.cpp; sourceTree = "<group>"; };
		3ACAE7BD1DFEF67900DDA7FA /* Controller.h */ = {isa = PBXFileReference; fileEncoding = 4; lastKnownFileType = sourcecode.c.h; path = Controller.h; sourceTree = "<group>"; };
		3ACAE7BE1DFEF67900DDA7FA /* Event.cpp */ = {isa = PBXFileReference; fileEncoding = 4; lastKnownFileType = sourcecode.cpp.cpp; path = Event.cpp; sourceTree = "<group>"; };
		3ACAE7BF1DFEF67900DDA7FA /* Event.h */ = {isa = PBXFileReference; fileEncoding = 4; lastKnownFileType = sourcecode.c.h; path = Event.h; sourceTree = "<group>"; };
		3ACAE7C01DFEF67900DDA7FA /* EventHandler.cpp */ = {isa = PBXFileReference; fileEncoding = 4; lastKnownFileType = sourcecode.cpp.cpp; path = EventHandler.cpp; sourceTree = "<group>"; };
		3ACAE7C11DFEF67900DDA7FA /* EventHandler.h */ = {isa = PBXFileReference; fileEncoding = 4; lastKnownFileType = sourcecode.c.h; path = EventHandler.h; sourceTree = "<group>"; };
		3ACAE7C21DFEF67900DDA7FA /* features.h */ = {isa = PBXFileReference; fileEncoding = 4; lastKnownFileType = sourcecode.c.h; path = features.h; sourceTree = "<group>"; };
		3ACAE7C31DFEF67900DDA7FA /* forwards.h */ = {isa = PBXFileReference; fileEncoding = 4; lastKnownFileType = sourcecode.c.h; path = forwards.h; sourceTree = "<group>"; };
		3ACAE7C41DFEF67900DDA7FA /* Game.cpp */ = {isa = PBXFileReference; fileEncoding = 4; lastKnownFileType = sourcecode.cpp.cpp; path = Game.cpp; sourceTree = "<group>"; };
		3ACAE7C51DFEF67900DDA7FA /* Game.h */ = {isa = PBXFileReference; fileEncoding = 4; lastKnownFileType = sourcecode.c.h; path = Game.h; sourceTree = "<group>"; };
		3ACAE7C61DFEF67900DDA7FA /* GameEvent.cpp */ = {isa = PBXFileReference; fileEncoding = 4; lastKnownFileType = sourcecode.cpp.cpp; path = GameEvent.cpp; sourceTree = "<group>"; };
		3ACAE7C71DFEF67900DDA7FA /* GameEvent.h */ = {isa = PBXFileReference; fileEncoding = 4; lastKnownFileType = sourcecode.c.h; path = GameEvent.h; sourceTree = "<group>"; };
		3ACAE7C81DFEF67900DDA7FA /* Graph.cpp */ = {isa = PBXFileReference; fileEncoding = 4; lastKnownFileType = sourcecode.cpp.cpp; path = Graph.cpp; sourceTree = "<group>"; };
		3ACAE7C91DFEF67900DDA7FA /* Graph.h */ = {isa = PBXFileReference; fileEncoding = 4; lastKnownFileType = sourcecode.c.h; path = Graph.h; sourceTree = "<group>"; };
		3ACAE7CA1DFEF67900DDA7FA /* json_batchallocator.h */ = {isa = PBXFileReference; fileEncoding = 4; lastKnownFileType = sourcecode.c.h; path = json_batchallocator.h; sourceTree = "<group>"; };
		3ACAE7CB1DFEF67900DDA7FA /* json_internalarray.inl */ = {isa = PBXFileReference; fileEncoding = 4; lastKnownFileType = text; path = json_internalarray.inl; sourceTree = "<group>"; };
		3ACAE7CC1DFEF67900DDA7FA /* json_internalmap.inl */ = {isa = PBXFileReference; fileEncoding = 4; lastKnownFileType = text; path = json_internalmap.inl; sourceTree = "<group>"; };
		3ACAE7CD1DFEF67900DDA7FA /* json_reader.cpp */ = {isa = PBXFileReference; fileEncoding = 4; lastKnownFileType = sourcecode.cpp.cpp; path = json_reader.cpp; sourceTree = "<group>"; };
		3ACAE7CE1DFEF67900DDA7FA /* json_value.cpp */ = {isa = PBXFileReference; fileEncoding = 4; lastKnownFileType = sourcecode.cpp.cpp; path = json_value.cpp; sourceTree = "<group>"; };
		3ACAE7CF1DFEF67900DDA7FA /* json_valueiterator.inl */ = {isa = PBXFileReference; fileEncoding = 4; lastKnownFileType = text; path = json_valueiterator.inl; sourceTree = "<group>"; };
		3ACAE7D01DFEF67900DDA7FA /* json_writer.cpp */ = {isa = PBXFileReference; fileEncoding = 4; lastKnownFileType = sourcecode.cpp.cpp; path = json_writer.cpp; sourceTree = "<group>"; };
		3ACAE7D11DFEF67900DDA7FA /* json.h */ = {isa = PBXFileReference; fileEncoding = 4; lastKnownFileType = sourcecode.c.h; path = json.h; sourceTree = "<group>"; };
		3ACAE7D21DFEF67900DDA7FA /* main.cpp */ = {isa = PBXFileReference; fileEncoding = 4; lastKnownFileType = sourcecode.cpp.cpp; path = main.cpp; sourceTree = "<group>"; };
		3ACAE7D31DFEF67900DDA7FA /* Makefile */ = {isa = PBXFileReference; fileEncoding = 4; lastKnownFileType = sourcecode.make; path = Makefile; sourceTree = "<group>"; };
		3ACAE7D41DFEF67900DDA7FA /* Message.cpp */ = {isa = PBXFileReference; fileEncoding = 4; lastKnownFileType = sourcecode.cpp.cpp; path = Message.cpp; sourceTree = "<group>"; };
		3ACAE7D51DFEF67900DDA7FA /* Message.h */ = {isa = PBXFileReference; fileEncoding = 4; lastKnownFileType = sourcecode.c.h; path = Message.h; sourceTree = "<group>"; };
		3ACAE7D61DFEF67900DDA7FA /* Network.cpp */ = {isa = PBXFileReference; fileEncoding = 4; lastKnownFileType = sourcecode.cpp.cpp; path = Network.cpp; sourceTree = "<group>"; };
		3ACAE7D71DFEF67900DDA7FA /* Network.h */ = {isa = PBXFileReference; fileEncoding = 4; lastKnownFileType = sourcecode.c.h; path = Network.h; sourceTree = "<group>"; };
		3ACAE7D81DFEF67900DDA7FA /* Node.cpp */ = {isa = PBXFileReference; fileEncoding = 4; lastKnownFileType = sourcecode.cpp.cpp; path = Node.cpp; sourceTree = "<group>"; };
		3ACAE7D91DFEF67900DDA7FA /* Node.h */ = {isa = PBXFileReference; fileEncoding = 4; lastKnownFileType = sourcecode.c.h; path = Node.h; sourceTree = "<group>"; };
		3ACAE7DA1DFEF67900DDA7FA /* Parser.cpp */ = {isa = PBXFileReference; fileEncoding = 4; lastKnownFileType = sourcecode.cpp.cpp; path = Parser.cpp; sourceTree = "<group>"; };
		3ACAE7DB1DFEF67900DDA7FA /* Parser.h */ = {isa = PBXFileReference; fileEncoding = 4; lastKnownFileType = sourcecode.c.h; path = Parser.h; sourceTree = "<group>"; };
		3ACAE7DC1DFEF67900DDA7FA /* Queue.cpp */ = {isa = PBXFileReference; fileEncoding = 4; lastKnownFileType = sourcecode.cpp.cpp; path = Queue.cpp; sourceTree = "<group>"; };
		3ACAE7DD1DFEF67900DDA7FA /* Queue.h */ = {isa = PBXFileReference; fileEncoding = 4; lastKnownFileType = sourcecode.c.h; path = Queue.h; sourceTree = "<group>"; };
		3ACAE7DE1DFEF67900DDA7FA /* reader.h */ = {isa = PBXFileReference; fileEncoding = 4; lastKnownFileType = sourcecode.c.h; path = reader.h; sourceTree = "<group>"; };
		3ACAE7DF1DFEF67900DDA7FA /* SubPacket.cpp */ = {isa = PBXFileReference; fileEncoding = 4; lastKnownFileType = sourcecode.cpp.cpp; path = SubPacket.cpp; sourceTree = "<group>"; };
		3ACAE7E01DFEF67900DDA7FA /* SubPacket.h */ = {isa = PBXFileReference; fileEncoding = 4; lastKnownFileType = sourcecode.c.h; path = SubPacket.h; sourceTree = "<group>"; };
		3ACAE7E11DFEF67900DDA7FA /* util.h */ = {isa = PBXFileReference; fileEncoding = 4; lastKnownFileType = sourcecode.c.h; path = util.h; sourceTree = "<group>"; };
		3ACAE7E21DFEF67900DDA7FA /* value.h */ = {isa = PBXFileReference; fileEncoding = 4; lastKnownFileType = sourcecode.c.h; path = value.h; sourceTree = "<group>"; };
		3ACAE7E31DFEF67900DDA7FA /* World.cpp */ = {isa = PBXFileReference; fileEncoding = 4; lastKnownFileType = sourcecode.cpp.cpp; path = World.cpp; sourceTree = "<group>"; };
		3ACAE7E41DFEF67900DDA7FA /* World.h */ = {isa = PBXFileReference; fileEncoding = 4; lastKnownFileType = sourcecode.c.h; path = World.h; sourceTree = "<group>"; };
		3ACAE7E51DFEF67900DDA7FA /* writer.h */ = {isa = PBXFileReference; fileEncoding = 4; lastKnownFileType = sourcecode.c.h; path = writer.h; sourceTree = "<group>"; };
/* End PBXFileReference section */

/* Begin PBXFrameworksBuildPhase section */
		3ACAE7A91DFEF63600DDA7FA /* Frameworks */ = {
			isa = PBXFrameworksBuildPhase;
			buildActionMask = 2147483647;
			files = (
			);
			runOnlyForDeploymentPostprocessing = 0;
		};
/* End PBXFrameworksBuildPhase section */

/* Begin PBXGroup section */
		3ACAE7A31DFEF63600DDA7FA = {
			isa = PBXGroup;
			children = (
				3ACAE7AE1DFEF63600DDA7FA /* DS-AI-Challange */,
				3ACAE7AD1DFEF63600DDA7FA /* Products */,
			);
			sourceTree = "<group>";
		};
		3ACAE7AD1DFEF63600DDA7FA /* Products */ = {
			isa = PBXGroup;
			children = (
				3ACAE7AC1DFEF63600DDA7FA /* DS-AI-Challange */,
			);
			name = Products;
			sourceTree = "<group>";
		};
		3ACAE7AE1DFEF63600DDA7FA /* DS-AI-Challange */ = {
			isa = PBXGroup;
			children = (
				3ACAE7B61DFEF67900DDA7FA /* AI.cpp */,
				3ACAE7B71DFEF67900DDA7FA /* AI.h */,
				3ACAE7B81DFEF67900DDA7FA /* autolink.h */,
				3ACAE7B91DFEF67900DDA7FA /* config.h */,
				3ACAE7BA1DFEF67900DDA7FA /* Constants.cpp */,
				3ACAE7BB1DFEF67900DDA7FA /* Constants.h */,
				3ACAE7BC1DFEF67900DDA7FA /* Controller.cpp */,
				3ACAE7BD1DFEF67900DDA7FA /* Controller.h */,
				3ACAE7BE1DFEF67900DDA7FA /* Event.cpp */,
				3ACAE7BF1DFEF67900DDA7FA /* Event.h */,
				3ACAE7C01DFEF67900DDA7FA /* EventHandler.cpp */,
				3ACAE7C11DFEF67900DDA7FA /* EventHandler.h */,
				3ACAE7C21DFEF67900DDA7FA /* features.h */,
				3ACAE7C31DFEF67900DDA7FA /* forwards.h */,
				3ACAE7C41DFEF67900DDA7FA /* Game.cpp */,
				3ACAE7C51DFEF67900DDA7FA /* Game.h */,
				3ACAE7C61DFEF67900DDA7FA /* GameEvent.cpp */,
				3ACAE7C71DFEF67900DDA7FA /* GameEvent.h */,
				3ACAE7C81DFEF67900DDA7FA /* Graph.cpp */,
				3ACAE7C91DFEF67900DDA7FA /* Graph.h */,
				3ACAE7CA1DFEF67900DDA7FA /* json_batchallocator.h */,
				3ACAE7CB1DFEF67900DDA7FA /* json_internalarray.inl */,
				3ACAE7CC1DFEF67900DDA7FA /* json_internalmap.inl */,
				3ACAE7CD1DFEF67900DDA7FA /* json_reader.cpp */,
				3ACAE7CE1DFEF67900DDA7FA /* json_value.cpp */,
				3ACAE7CF1DFEF67900DDA7FA /* json_valueiterator.inl */,
				3ACAE7D01DFEF67900DDA7FA /* json_writer.cpp */,
				3ACAE7D11DFEF67900DDA7FA /* json.h */,
				3ACAE7D21DFEF67900DDA7FA /* main.cpp */,
				3ACAE7D31DFEF67900DDA7FA /* Makefile */,
				3ACAE7D41DFEF67900DDA7FA /* Message.cpp */,
				3ACAE7D51DFEF67900DDA7FA /* Message.h */,
				3ACAE7D61DFEF67900DDA7FA /* Network.cpp */,
				3ACAE7D71DFEF67900DDA7FA /* Network.h */,
				3ACAE7D81DFEF67900DDA7FA /* Node.cpp */,
				3ACAE7D91DFEF67900DDA7FA /* Node.h */,
				3ACAE7DA1DFEF67900DDA7FA /* Parser.cpp */,
				3ACAE7DB1DFEF67900DDA7FA /* Parser.h */,
				3ACAE7DC1DFEF67900DDA7FA /* Queue.cpp */,
				3ACAE7DD1DFEF67900DDA7FA /* Queue.h */,
				3ACAE7DE1DFEF67900DDA7FA /* reader.h */,
				3ACAE7DF1DFEF67900DDA7FA /* SubPacket.cpp */,
				3ACAE7E01DFEF67900DDA7FA /* SubPacket.h */,
				3ACAE7E11DFEF67900DDA7FA /* util.h */,
				3ACAE7E21DFEF67900DDA7FA /* value.h */,
				3ACAE7E31DFEF67900DDA7FA /* World.cpp */,
				3ACAE7E41DFEF67900DDA7FA /* World.h */,
				3ACAE7E51DFEF67900DDA7FA /* writer.h */,
			);
			path = "DS-AI-Challange";
			sourceTree = "<group>";
		};
/* End PBXGroup section */

/* Begin PBXNativeTarget section */
		3ACAE7AB1DFEF63600DDA7FA /* DS-AI-Challange */ = {
			isa = PBXNativeTarget;
			buildConfigurationList = 3ACAE7B31DFEF63600DDA7FA /* Build configuration list for PBXNativeTarget "DS-AI-Challange" */;
			buildPhases = (
				3ACAE7A81DFEF63600DDA7FA /* Sources */,
				3ACAE7A91DFEF63600DDA7FA /* Frameworks */,
				3ACAE7AA1DFEF63600DDA7FA /* CopyFiles */,
			);
			buildRules = (
			);
			dependencies = (
			);
			name = "DS-AI-Challange";
			productName = "DS-AI-Challange";
			productReference = 3ACAE7AC1DFEF63600DDA7FA /* DS-AI-Challange */;
			productType = "com.apple.product-type.tool";
		};
/* End PBXNativeTarget section */

/* Begin PBXProject section */
		3ACAE7A41DFEF63600DDA7FA /* Project object */ = {
			isa = PBXProject;
			attributes = {
				LastUpgradeCheck = 0810;
				ORGANIZATIONNAME = "Shayan Khorsandi";
				TargetAttributes = {
					3ACAE7AB1DFEF63600DDA7FA = {
						CreatedOnToolsVersion = 8.1;
						DevelopmentTeam = DSF2H79A66;
						ProvisioningStyle = Automatic;
					};
				};
			};
			buildConfigurationList = 3ACAE7A71DFEF63600DDA7FA /* Build configuration list for PBXProject "DS-AI-Challange" */;
			compatibilityVersion = "Xcode 3.2";
			developmentRegion = English;
			hasScannedForEncodings = 0;
			knownRegions = (
				en,
			);
			mainGroup = 3ACAE7A31DFEF63600DDA7FA;
			productRefGroup = 3ACAE7AD1DFEF63600DDA7FA /* Products */;
			projectDirPath = "";
			projectRoot = "";
			targets = (
				3ACAE7AB1DFEF63600DDA7FA /* DS-AI-Challange */,
			);
		};
/* End PBXProject section */

/* Begin PBXSourcesBuildPhase section */
		3ACAE7A81DFEF63600DDA7FA /* Sources */ = {
			isa = PBXSourcesBuildPhase;
			buildActionMask = 2147483647;
			files = (
				3ACAE7F01DFEF67900DDA7FA /* json_writer.cpp in Sources */,
				3ACAE7F31DFEF67900DDA7FA /* Message.cpp in Sources */,
				3ACAE7EC1DFEF67900DDA7FA /* GameEvent.cpp in Sources */,
				3ACAE7F71DFEF67900DDA7FA /* Queue.cpp in Sources */,
				3ACAE7F11DFEF67900DDA7FA /* main.cpp in Sources */,
				3ACAE7EE1DFEF67900DDA7FA /* json_reader.cpp in Sources */,
				3ACAE7F91DFEF67900DDA7FA /* World.cpp in Sources */,
				3ACAE7EA1DFEF67900DDA7FA /* EventHandler.cpp in Sources */,
				3ACAE7F61DFEF67900DDA7FA /* Parser.cpp in Sources */,
				3ACAE7E91DFEF67900DDA7FA /* Event.cpp in Sources */,
				3ACAE7E61DFEF67900DDA7FA /* AI.cpp in Sources */,
				3ACAE7ED1DFEF67900DDA7FA /* Graph.cpp in Sources */,
				3ACAE7EB1DFEF67900DDA7FA /* Game.cpp in Sources */,
				3ACAE7F81DFEF67900DDA7FA /* SubPacket.cpp in Sources */,
				3ACAE7EF1DFEF67900DDA7FA /* json_value.cpp in Sources */,
				3ACAE7F21DFEF67900DDA7FA /* Makefile in Sources */,
				3ACAE7E81DFEF67900DDA7FA /* Controller.cpp in Sources */,
				3ACAE7F41DFEF67900DDA7FA /* Network.cpp in Sources */,
				3ACAE7E71DFEF67900DDA7FA /* Constants.cpp in Sources */,
				3ACAE7F51DFEF67900DDA7FA /* Node.cpp in Sources */,
			);
			runOnlyForDeploymentPostprocessing = 0;
		};
/* End PBXSourcesBuildPhase section */

/* Begin XCBuildConfiguration section */
		3ACAE7B11DFEF63600DDA7FA /* Debug */ = {
			isa = XCBuildConfiguration;
			buildSettings = {
				ALWAYS_SEARCH_USER_PATHS = NO;
				CLANG_ANALYZER_NONNULL = YES;
				CLANG_CXX_LANGUAGE_STANDARD = "gnu++0x";
				CLANG_CXX_LIBRARY = "libc++";
				CLANG_ENABLE_MODULES = YES;
				CLANG_ENABLE_OBJC_ARC = YES;
				CLANG_WARN_BOOL_CONVERSION = YES;
				CLANG_WARN_CONSTANT_CONVERSION = YES;
				CLANG_WARN_DIRECT_OBJC_ISA_USAGE = YES_ERROR;
				CLANG_WARN_DOCUMENTATION_COMMENTS = YES;
				CLANG_WARN_EMPTY_BODY = YES;
				CLANG_WARN_ENUM_CONVERSION = YES;
				CLANG_WARN_INFINITE_RECURSION = YES;
				CLANG_WARN_INT_CONVERSION = YES;
				CLANG_WARN_OBJC_ROOT_CLASS = YES_ERROR;
				CLANG_WARN_SUSPICIOUS_MOVES = YES;
				CLANG_WARN_UNREACHABLE_CODE = YES;
				CLANG_WARN__DUPLICATE_METHOD_MATCH = YES;
				CODE_SIGN_IDENTITY = "-";
				COPY_PHASE_STRIP = NO;
				DEBUG_INFORMATION_FORMAT = dwarf;
				ENABLE_STRICT_OBJC_MSGSEND = YES;
				ENABLE_TESTABILITY = YES;
				GCC_C_LANGUAGE_STANDARD = gnu99;
				GCC_DYNAMIC_NO_PIC = NO;
				GCC_NO_COMMON_BLOCKS = YES;
				GCC_OPTIMIZATION_LEVEL = 0;
				GCC_PREPROCESSOR_DEFINITIONS = (
					"DEBUG=1",
					"$(inherited)",
				);
				GCC_WARN_64_TO_32_BIT_CONVERSION = YES;
				GCC_WARN_ABOUT_RETURN_TYPE = YES_ERROR;
				GCC_WARN_UNDECLARED_SELECTOR = YES;
				GCC_WARN_UNINITIALIZED_AUTOS = YES_AGGRESSIVE;
				GCC_WARN_UNUSED_FUNCTION = YES;
				GCC_WARN_UNUSED_VARIABLE = YES;
				MACOSX_DEPLOYMENT_TARGET = 10.12;
				MTL_ENABLE_DEBUG_INFO = YES;
				ONLY_ACTIVE_ARCH = YES;
				SDKROOT = macosx;
			};
			name = Debug;
		};
		3ACAE7B21DFEF63600DDA7FA /* Release */ = {
			isa = XCBuildConfiguration;
			buildSettings = {
				ALWAYS_SEARCH_USER_PATHS = NO;
				CLANG_ANALYZER_NONNULL = YES;
				CLANG_CXX_LANGUAGE_STANDARD = "gnu++0x";
				CLANG_CXX_LIBRARY = "libc++";
				CLANG_ENABLE_MODULES = YES;
				CLANG_ENABLE_OBJC_ARC = YES;
				CLANG_WARN_BOOL_CONVERSION = YES;
				CLANG_WARN_CONSTANT_CONVERSION = YES;
				CLANG_WARN_DIRECT_OBJC_ISA_USAGE = YES_ERROR;
				CLANG_WARN_DOCUMENTATION_COMMENTS = YES;
				CLANG_WARN_EMPTY_BODY = YES;
				CLANG_WARN_ENUM_CONVERSION = YES;
				CLANG_WARN_INFINITE_RECURSION = YES;
				CLANG_WARN_INT_CONVERSION = YES;
				CLANG_WARN_OBJC_ROOT_CLASS = YES_ERROR;
				CLANG_WARN_SUSPICIOUS_MOVES = YES;
				CLANG_WARN_UNREACHABLE_CODE = YES;
				CLANG_WARN__DUPLICATE_METHOD_MATCH = YES;
				CODE_SIGN_IDENTITY = "-";
				COPY_PHASE_STRIP = NO;
				DEBUG_INFORMATION_FORMAT = "dwarf-with-dsym";
				ENABLE_NS_ASSERTIONS = NO;
				ENABLE_STRICT_OBJC_MSGSEND = YES;
				GCC_C_LANGUAGE_STANDARD = gnu99;
				GCC_NO_COMMON_BLOCKS = YES;
				GCC_WARN_64_TO_32_BIT_CONVERSION = YES;
				GCC_WARN_ABOUT_RETURN_TYPE = YES_ERROR;
				GCC_WARN_UNDECLARED_SELECTOR = YES;
				GCC_WARN_UNINITIALIZED_AUTOS = YES_AGGRESSIVE;
				GCC_WARN_UNUSED_FUNCTION = YES;
				GCC_WARN_UNUSED_VARIABLE = YES;
				MACOSX_DEPLOYMENT_TARGET = 10.12;
				MTL_ENABLE_DEBUG_INFO = NO;
				SDKROOT = macosx;
			};
			name = Release;
		};
		3ACAE7B41DFEF63600DDA7FA /* Debug */ = {
			isa = XCBuildConfiguration;
			buildSettings = {
				DEVELOPMENT_TEAM = DSF2H79A66;
				PRODUCT_NAME = "$(TARGET_NAME)";
			};
			name = Debug;
		};
		3ACAE7B51DFEF63600DDA7FA /* Release */ = {
			isa = XCBuildConfiguration;
			buildSettings = {
				DEVELOPMENT_TEAM = DSF2H79A66;
				PRODUCT_NAME = "$(TARGET_NAME)";
			};
			name = Release;
		};
/* End XCBuildConfiguration section */

/* Begin XCConfigurationList section */
		3ACAE7A71DFEF63600DDA7FA /* Build configuration list for PBXProject "DS-AI-Challange" */ = {
			isa = XCConfigurationList;
			buildConfigurations = (
				3ACAE7B11DFEF63600DDA7FA /* Debug */,
				3ACAE7B21DFEF63600DDA7FA /* Release */,
			);
			defaultConfigurationIsVisible = 0;
			defaultConfigurationName = Release;
		};
		3ACAE7B31DFEF63600DDA7FA /* Build configuration list for PBXNativeTarget "DS-AI-Challange" */ = {
			isa = XCConfigurationList;
			buildConfigurations = (
				3ACAE7B41DFEF63600DDA7FA /* Debug */,
				3ACAE7B51DFEF63600DDA7FA /* Release */,
			);
			defaultConfigurationIsVisible = 0;
			defaultConfigurationName = Release;
		};
/* End XCConfigurationList section */
	};
	rootObject = 3ACAE7A41DFEF63600DDA7FA /* Project object */;
}
