// !$*UTF8*$!
{
	archiveVersion = 1;
	classes = {
	};
	objectVersion = 46;
	objects = {

/* Begin PBXBuildFile section */
		C4604E2B1E141032004F5B29 /* AI.cpp in Sources */ = {isa = PBXBuildFile; fileRef = C4604E0B1E141032004F5B29 /* AI.cpp */; };
		C4604E2C1E141032004F5B29 /* Constants.cpp in Sources */ = {isa = PBXBuildFile; fileRef = C4604E0D1E141032004F5B29 /* Constants.cpp */; };
		C4604E2D1E141032004F5B29 /* Controller.cpp in Sources */ = {isa = PBXBuildFile; fileRef = C4604E0F1E141032004F5B29 /* Controller.cpp */; };
		C4604E2E1E141032004F5B29 /* Event.cpp in Sources */ = {isa = PBXBuildFile; fileRef = C4604E111E141032004F5B29 /* Event.cpp */; };
		C4604E2F1E141032004F5B29 /* EventHandler.cpp in Sources */ = {isa = PBXBuildFile; fileRef = C4604E131E141032004F5B29 /* EventHandler.cpp */; };
		C4604E301E141032004F5B29 /* Game.cpp in Sources */ = {isa = PBXBuildFile; fileRef = C4604E151E141032004F5B29 /* Game.cpp */; };
		C4604E311E141032004F5B29 /* GameEvent.cpp in Sources */ = {isa = PBXBuildFile; fileRef = C4604E171E141032004F5B29 /* GameEvent.cpp */; };
		C4604E321E141032004F5B29 /* Graph.cpp in Sources */ = {isa = PBXBuildFile; fileRef = C4604E191E141032004F5B29 /* Graph.cpp */; };
		C4604E331E141032004F5B29 /* main.cpp in Sources */ = {isa = PBXBuildFile; fileRef = C4604E1B1E141032004F5B29 /* main.cpp */; };
		C4604E341E141032004F5B29 /* Message.cpp in Sources */ = {isa = PBXBuildFile; fileRef = C4604E1C1E141032004F5B29 /* Message.cpp */; };
		C4604E351E141032004F5B29 /* Network.cpp in Sources */ = {isa = PBXBuildFile; fileRef = C4604E1E1E141032004F5B29 /* Network.cpp */; };
		C4604E361E141032004F5B29 /* Node.cpp in Sources */ = {isa = PBXBuildFile; fileRef = C4604E201E141032004F5B29 /* Node.cpp */; };
		C4604E371E141032004F5B29 /* Parser.cpp in Sources */ = {isa = PBXBuildFile; fileRef = C4604E221E141032004F5B29 /* Parser.cpp */; };
		C4604E381E141032004F5B29 /* Queue.cpp in Sources */ = {isa = PBXBuildFile; fileRef = C4604E241E141032004F5B29 /* Queue.cpp */; };
		C4604E391E141032004F5B29 /* SubPacket.cpp in Sources */ = {isa = PBXBuildFile; fileRef = C4604E261E141032004F5B29 /* SubPacket.cpp */; };
		C4604E3A1E141032004F5B29 /* World.cpp in Sources */ = {isa = PBXBuildFile; fileRef = C4604E291E141032004F5B29 /* World.cpp */; };
		C4604E421E141049004F5B29 /* json_reader.cpp in Sources */ = {isa = PBXBuildFile; fileRef = C4604E3E1E141049004F5B29 /* json_reader.cpp */; };
		C4604E431E141049004F5B29 /* json_value.cpp in Sources */ = {isa = PBXBuildFile; fileRef = C4604E3F1E141049004F5B29 /* json_value.cpp */; };
		C4604E441E141049004F5B29 /* json_writer.cpp in Sources */ = {isa = PBXBuildFile; fileRef = C4604E411E141049004F5B29 /* json_writer.cpp */; };
		C4604E511E141109004F5B29 /* BfsNode.cpp in Sources */ = {isa = PBXBuildFile; fileRef = C4604E4D1E141109004F5B29 /* BfsNode.cpp */; };
		C4604E521E141109004F5B29 /* Warshall.cpp in Sources */ = {isa = PBXBuildFile; fileRef = C4604E4F1E141109004F5B29 /* Warshall.cpp */; };
/* End PBXBuildFile section */

/* Begin PBXCopyFilesBuildPhase section */
		3ACAE7AA1DFEF63600DDA7FA /* CopyFiles */ = {
			isa = PBXCopyFilesBuildPhase;
			buildActionMask = 2147483647;
			dstPath = /usr/share/man/man1/;
			dstSubfolderSpec = 0;
			files = (
			);
			runOnlyForDeploymentPostprocessing = 1;
		};
/* End PBXCopyFilesBuildPhase section */

/* Begin PBXFileReference section */
		3ACAE7AC1DFEF63600DDA7FA /* DS-AI-Challange */ = {isa = PBXFileReference; explicitFileType = "compiled.mach-o.executable"; includeInIndex = 0; path = "DS-AI-Challange"; sourceTree = BUILT_PRODUCTS_DIR; };
		C4604E0B1E141032004F5B29 /* AI.cpp */ = {isa = PBXFileReference; fileEncoding = 4; lastKnownFileType = sourcecode.cpp.cpp; path = AI.cpp; sourceTree = "<group>"; };
		C4604E0C1E141032004F5B29 /* AI.h */ = {isa = PBXFileReference; fileEncoding = 4; lastKnownFileType = sourcecode.c.h; path = AI.h; sourceTree = "<group>"; };
		C4604E0D1E141032004F5B29 /* Constants.cpp */ = {isa = PBXFileReference; fileEncoding = 4; lastKnownFileType = sourcecode.cpp.cpp; path = Constants.cpp; sourceTree = "<group>"; };
		C4604E0E1E141032004F5B29 /* Constants.h */ = {isa = PBXFileReference; fileEncoding = 4; lastKnownFileType = sourcecode.c.h; path = Constants.h; sourceTree = "<group>"; };
		C4604E0F1E141032004F5B29 /* Controller.cpp */ = {isa = PBXFileReference; fileEncoding = 4; lastKnownFileType = sourcecode.cpp.cpp; path = Controller.cpp; sourceTree = "<group>"; };
		C4604E101E141032004F5B29 /* Controller.h */ = {isa = PBXFileReference; fileEncoding = 4; lastKnownFileType = sourcecode.c.h; path = Controller.h; sourceTree = "<group>"; };
		C4604E111E141032004F5B29 /* Event.cpp */ = {isa = PBXFileReference; fileEncoding = 4; lastKnownFileType = sourcecode.cpp.cpp; path = Event.cpp; sourceTree = "<group>"; };
		C4604E121E141032004F5B29 /* Event.h */ = {isa = PBXFileReference; fileEncoding = 4; lastKnownFileType = sourcecode.c.h; path = Event.h; sourceTree = "<group>"; };
		C4604E131E141032004F5B29 /* EventHandler.cpp */ = {isa = PBXFileReference; fileEncoding = 4; lastKnownFileType = sourcecode.cpp.cpp; path = EventHandler.cpp; sourceTree = "<group>"; };
		C4604E141E141032004F5B29 /* EventHandler.h */ = {isa = PBXFileReference; fileEncoding = 4; lastKnownFileType = sourcecode.c.h; path = EventHandler.h; sourceTree = "<group>"; };
		C4604E151E141032004F5B29 /* Game.cpp */ = {isa = PBXFileReference; fileEncoding = 4; lastKnownFileType = sourcecode.cpp.cpp; path = Game.cpp; sourceTree = "<group>"; };
		C4604E161E141032004F5B29 /* Game.h */ = {isa = PBXFileReference; fileEncoding = 4; lastKnownFileType = sourcecode.c.h; path = Game.h; sourceTree = "<group>"; };
		C4604E171E141032004F5B29 /* GameEvent.cpp */ = {isa = PBXFileReference; fileEncoding = 4; lastKnownFileType = sourcecode.cpp.cpp; path = GameEvent.cpp; sourceTree = "<group>"; };
		C4604E181E141032004F5B29 /* GameEvent.h */ = {isa = PBXFileReference; fileEncoding = 4; lastKnownFileType = sourcecode.c.h; path = GameEvent.h; sourceTree = "<group>"; };
		C4604E191E141032004F5B29 /* Graph.cpp */ = {isa = PBXFileReference; fileEncoding = 4; lastKnownFileType = sourcecode.cpp.cpp; path = Graph.cpp; sourceTree = "<group>"; };
		C4604E1A1E141032004F5B29 /* Graph.h */ = {isa = PBXFileReference; fileEncoding = 4; lastKnownFileType = sourcecode.c.h; path = Graph.h; sourceTree = "<group>"; };
		C4604E1B1E141032004F5B29 /* main.cpp */ = {isa = PBXFileReference; fileEncoding = 4; lastKnownFileType = sourcecode.cpp.cpp; path = main.cpp; sourceTree = "<group>"; };
		C4604E1C1E141032004F5B29 /* Message.cpp */ = {isa = PBXFileReference; fileEncoding = 4; lastKnownFileType = sourcecode.cpp.cpp; path = Message.cpp; sourceTree = "<group>"; };
		C4604E1D1E141032004F5B29 /* Message.h */ = {isa = PBXFileReference; fileEncoding = 4; lastKnownFileType = sourcecode.c.h; path = Message.h; sourceTree = "<group>"; };
		C4604E1E1E141032004F5B29 /* Network.cpp */ = {isa = PBXFileReference; fileEncoding = 4; lastKnownFileType = sourcecode.cpp.cpp; path = Network.cpp; sourceTree = "<group>"; };
		C4604E1F1E141032004F5B29 /* Network.h */ = {isa = PBXFileReference; fileEncoding = 4; lastKnownFileType = sourcecode.c.h; path = Network.h; sourceTree = "<group>"; };
		C4604E201E141032004F5B29 /* Node.cpp */ = {isa = PBXFileReference; fileEncoding = 4; lastKnownFileType = sourcecode.cpp.cpp; path = Node.cpp; sourceTree = "<group>"; };
		C4604E211E141032004F5B29 /* Node.h */ = {isa = PBXFileReference; fileEncoding = 4; lastKnownFileType = sourcecode.c.h; path = Node.h; sourceTree = "<group>"; };
		C4604E221E141032004F5B29 /* Parser.cpp */ = {isa = PBXFileReference; fileEncoding = 4; lastKnownFileType = sourcecode.cpp.cpp; path = Parser.cpp; sourceTree = "<group>"; };
		C4604E231E141032004F5B29 /* Parser.h */ = {isa = PBXFileReference; fileEncoding = 4; lastKnownFileType = sourcecode.c.h; path = Parser.h; sourceTree = "<group>"; };
		C4604E241E141032004F5B29 /* Queue.cpp */ = {isa = PBXFileReference; fileEncoding = 4; lastKnownFileType = sourcecode.cpp.cpp; path = Queue.cpp; sourceTree = "<group>"; };
		C4604E251E141032004F5B29 /* Queue.h */ = {isa = PBXFileReference; fileEncoding = 4; lastKnownFileType = sourcecode.c.h; path = Queue.h; sourceTree = "<group>"; };
		C4604E261E141032004F5B29 /* SubPacket.cpp */ = {isa = PBXFileReference; fileEncoding = 4; lastKnownFileType = sourcecode.cpp.cpp; path = SubPacket.cpp; sourceTree = "<group>"; };
		C4604E271E141032004F5B29 /* SubPacket.h */ = {isa = PBXFileReference; fileEncoding = 4; lastKnownFileType = sourcecode.c.h; path = SubPacket.h; sourceTree = "<group>"; };
		C4604E281E141032004F5B29 /* util.h */ = {isa = PBXFileReference; fileEncoding = 4; lastKnownFileType = sourcecode.c.h; path = util.h; sourceTree = "<group>"; };
		C4604E291E141032004F5B29 /* World.cpp */ = {isa = PBXFileReference; fileEncoding = 4; lastKnownFileType = sourcecode.cpp.cpp; path = World.cpp; sourceTree = "<group>"; };
		C4604E2A1E141032004F5B29 /* World.h */ = {isa = PBXFileReference; fileEncoding = 4; lastKnownFileType = sourcecode.c.h; path = World.h; sourceTree = "<group>"; };
		C4604E3B1E141049004F5B29 /* json_batchallocator.h */ = {isa = PBXFileReference; fileEncoding = 4; lastKnownFileType = sourcecode.c.h; path = json_batchallocator.h; sourceTree = "<group>"; };
		C4604E3C1E141049004F5B29 /* json_internalarray.inl */ = {isa = PBXFileReference; fileEncoding = 4; lastKnownFileType = text; path = json_internalarray.inl; sourceTree = "<group>"; };
		C4604E3D1E141049004F5B29 /* json_internalmap.inl */ = {isa = PBXFileReference; fileEncoding = 4; lastKnownFileType = text; path = json_internalmap.inl; sourceTree = "<group>"; };
		C4604E3E1E141049004F5B29 /* json_reader.cpp */ = {isa = PBXFileReference; fileEncoding = 4; lastKnownFileType = sourcecode.cpp.cpp; path = json_reader.cpp; sourceTree = "<group>"; };
		C4604E3F1E141049004F5B29 /* json_value.cpp */ = {isa = PBXFileReference; fileEncoding = 4; lastKnownFileType = sourcecode.cpp.cpp; path = json_value.cpp; sourceTree = "<group>"; };
		C4604E401E141049004F5B29 /* json_valueiterator.inl */ = {isa = PBXFileReference; fileEncoding = 4; lastKnownFileType = text; path = json_valueiterator.inl; sourceTree = "<group>"; };
		C4604E411E141049004F5B29 /* json_writer.cpp */ = {isa = PBXFileReference; fileEncoding = 4; lastKnownFileType = sourcecode.cpp.cpp; path = json_writer.cpp; sourceTree = "<group>"; };
		C4604E451E141088004F5B29 /* autolink.h */ = {isa = PBXFileReference; fileEncoding = 4; lastKnownFileType = sourcecode.c.h; path = autolink.h; sourceTree = "<group>"; };
		C4604E461E141088004F5B29 /* config.h */ = {isa = PBXFileReference; fileEncoding = 4; lastKnownFileType = sourcecode.c.h; path = config.h; sourceTree = "<group>"; };
		C4604E471E141088004F5B29 /* features.h */ = {isa = PBXFileReference; fileEncoding = 4; lastKnownFileType = sourcecode.c.h; path = features.h; sourceTree = "<group>"; };
		C4604E481E141088004F5B29 /* forwards.h */ = {isa = PBXFileReference; fileEncoding = 4; lastKnownFileType = sourcecode.c.h; path = forwards.h; sourceTree = "<group>"; };
		C4604E491E141088004F5B29 /* json.h */ = {isa = PBXFileReference; fileEncoding = 4; lastKnownFileType = sourcecode.c.h; path = json.h; sourceTree = "<group>"; };
		C4604E4A1E141088004F5B29 /* reader.h */ = {isa = PBXFileReference; fileEncoding = 4; lastKnownFileType = sourcecode.c.h; path = reader.h; sourceTree = "<group>"; };
		C4604E4B1E141088004F5B29 /* value.h */ = {isa = PBXFileReference; fileEncoding = 4; lastKnownFileType = sourcecode.c.h; path = value.h; sourceTree = "<group>"; };
		C4604E4C1E141088004F5B29 /* writer.h */ = {isa = PBXFileReference; fileEncoding = 4; lastKnownFileType = sourcecode.c.h; path = writer.h; sourceTree = "<group>"; };
		C4604E4D1E141109004F5B29 /* BfsNode.cpp */ = {isa = PBXFileReference; fileEncoding = 4; lastKnownFileType = sourcecode.cpp.cpp; path = BfsNode.cpp; sourceTree = "<group>"; };
		C4604E4E1E141109004F5B29 /* BfsNode.hpp */ = {isa = PBXFileReference; fileEncoding = 4; lastKnownFileType = sourcecode.cpp.h; path = BfsNode.hpp; sourceTree = "<group>"; };
		C4604E4F1E141109004F5B29 /* Warshall.cpp */ = {isa = PBXFileReference; fileEncoding = 4; lastKnownFileType = sourcecode.cpp.cpp; path = Warshall.cpp; sourceTree = "<group>"; };
		C4604E501E141109004F5B29 /* Warshall.hpp */ = {isa = PBXFileReference; fileEncoding = 4; lastKnownFileType = sourcecode.cpp.h; path = Warshall.hpp; sourceTree = "<group>"; };
/* End PBXFileReference section */

/* Begin PBXFrameworksBuildPhase section */
		3ACAE7A91DFEF63600DDA7FA /* Frameworks */ = {
			isa = PBXFrameworksBuildPhase;
			buildActionMask = 2147483647;
			files = (
			);
			runOnlyForDeploymentPostprocessing = 0;
		};
/* End PBXFrameworksBuildPhase section */

/* Begin PBXGroup section */
		3ACAE7A31DFEF63600DDA7FA = {
			isa = PBXGroup;
			children = (
				3ACAE7AE1DFEF63600DDA7FA /* DS-AI-Challange */,
				3ACAE7AD1DFEF63600DDA7FA /* Products */,
			);
			sourceTree = "<group>";
		};
		3ACAE7AD1DFEF63600DDA7FA /* Products */ = {
			isa = PBXGroup;
			children = (
				3ACAE7AC1DFEF63600DDA7FA /* DS-AI-Challange */,
			);
			name = Products;
			sourceTree = "<group>";
		};
		3ACAE7AE1DFEF63600DDA7FA /* DS-AI-Challange */ = {
			isa = PBXGroup;
			children = (
				C4604E4D1E141109004F5B29 /* BfsNode.cpp */,
				C4604E4E1E141109004F5B29 /* BfsNode.hpp */,
				C4604E4F1E141109004F5B29 /* Warshall.cpp */,
				C4604E501E141109004F5B29 /* Warshall.hpp */,
				C4604E451E141088004F5B29 /* autolink.h */,
				C4604E461E141088004F5B29 /* config.h */,
				C4604E471E141088004F5B29 /* features.h */,
				C4604E481E141088004F5B29 /* forwards.h */,
				C4604E491E141088004F5B29 /* json.h */,
				C4604E4A1E141088004F5B29 /* reader.h */,
				C4604E4B1E141088004F5B29 /* value.h */,
				C4604E4C1E141088004F5B29 /* writer.h */,
				C4604E3B1E141049004F5B29 /* json_batchallocator.h */,
				C4604E3C1E141049004F5B29 /* json_internalarray.inl */,
				C4604E3D1E141049004F5B29 /* json_internalmap.inl */,
				C4604E3E1E141049004F5B29 /* json_reader.cpp */,
				C4604E3F1E141049004F5B29 /* json_value.cpp */,
				C4604E401E141049004F5B29 /* json_valueiterator.inl */,
				C4604E411E141049004F5B29 /* json_writer.cpp */,
				C4604E0B1E141032004F5B29 /* AI.cpp */,
				C4604E0C1E141032004F5B29 /* AI.h */,
				C4604E0D1E141032004F5B29 /* Constants.cpp */,
				C4604E0E1E141032004F5B29 /* Constants.h */,
				C4604E0F1E141032004F5B29 /* Controller.cpp */,
				C4604E101E141032004F5B29 /* Controller.h */,
				C4604E111E141032004F5B29 /* Event.cpp */,
				C4604E121E141032004F5B29 /* Event.h */,
				C4604E131E141032004F5B29 /* EventHandler.cpp */,
				C4604E141E141032004F5B29 /* EventHandler.h */,
				C4604E151E141032004F5B29 /* Game.cpp */,
				C4604E161E141032004F5B29 /* Game.h */,
				C4604E171E141032004F5B29 /* GameEvent.cpp */,
				C4604E181E141032004F5B29 /* GameEvent.h */,
				C4604E191E141032004F5B29 /* Graph.cpp */,
				C4604E1A1E141032004F5B29 /* Graph.h */,
				C4604E1B1E141032004F5B29 /* main.cpp */,
				C4604E1C1E141032004F5B29 /* Message.cpp */,
				C4604E1D1E141032004F5B29 /* Message.h */,
				C4604E1E1E141032004F5B29 /* Network.cpp */,
				C4604E1F1E141032004F5B29 /* Network.h */,
				C4604E201E141032004F5B29 /* Node.cpp */,
				C4604E211E141032004F5B29 /* Node.h */,
				C4604E221E141032004F5B29 /* Parser.cpp */,
				C4604E231E141032004F5B29 /* Parser.h */,
				C4604E241E141032004F5B29 /* Queue.cpp */,
				C4604E251E141032004F5B29 /* Queue.h */,
				C4604E261E141032004F5B29 /* SubPacket.cpp */,
				C4604E271E141032004F5B29 /* SubPacket.h */,
				C4604E281E141032004F5B29 /* util.h */,
				C4604E291E141032004F5B29 /* World.cpp */,
				C4604E2A1E141032004F5B29 /* World.h */,
			);
			path = "DS-AI-Challange";
			sourceTree = "<group>";
		};
/* End PBXGroup section */

/* Begin PBXNativeTarget section */
		3ACAE7AB1DFEF63600DDA7FA /* DS-AI-Challange */ = {
			isa = PBXNativeTarget;
			buildConfigurationList = 3ACAE7B31DFEF63600DDA7FA /* Build configuration list for PBXNativeTarget "DS-AI-Challange" */;
			buildPhases = (
				3ACAE7A81DFEF63600DDA7FA /* Sources */,
				3ACAE7A91DFEF63600DDA7FA /* Frameworks */,
				3ACAE7AA1DFEF63600DDA7FA /* CopyFiles */,
			);
			buildRules = (
			);
			dependencies = (
			);
			name = "DS-AI-Challange";
			productName = "DS-AI-Challange";
			productReference = 3ACAE7AC1DFEF63600DDA7FA /* DS-AI-Challange */;
			productType = "com.apple.product-type.tool";
		};
/* End PBXNativeTarget section */

/* Begin PBXProject section */
		3ACAE7A41DFEF63600DDA7FA /* Project object */ = {
			isa = PBXProject;
			attributes = {
				LastUpgradeCheck = 0810;
				ORGANIZATIONNAME = "Shayan Khorsandi";
				TargetAttributes = {
					3ACAE7AB1DFEF63600DDA7FA = {
						CreatedOnToolsVersion = 8.1;
						DevelopmentTeam = DSF2H79A66;
						ProvisioningStyle = Automatic;
					};
				};
			};
			buildConfigurationList = 3ACAE7A71DFEF63600DDA7FA /* Build configuration list for PBXProject "DS-AI-Challange" */;
			compatibilityVersion = "Xcode 3.2";
			developmentRegion = English;
			hasScannedForEncodings = 0;
			knownRegions = (
				en,
			);
			mainGroup = 3ACAE7A31DFEF63600DDA7FA;
			productRefGroup = 3ACAE7AD1DFEF63600DDA7FA /* Products */;
			projectDirPath = "";
			projectRoot = "";
			targets = (
				3ACAE7AB1DFEF63600DDA7FA /* DS-AI-Challange */,
			);
		};
/* End PBXProject section */

/* Begin PBXSourcesBuildPhase section */
		3ACAE7A81DFEF63600DDA7FA /* Sources */ = {
			isa = PBXSourcesBuildPhase;
			buildActionMask = 2147483647;
			files = (
				C4604E441E141049004F5B29 /* json_writer.cpp in Sources */,
				C4604E351E141032004F5B29 /* Network.cpp in Sources */,
				C4604E311E141032004F5B29 /* GameEvent.cpp in Sources */,
				C4604E3A1E141032004F5B29 /* World.cpp in Sources */,
				C4604E2F1E141032004F5B29 /* EventHandler.cpp in Sources */,
				C4604E361E141032004F5B29 /* Node.cpp in Sources */,
				C4604E391E141032004F5B29 /* SubPacket.cpp in Sources */,
				C4604E331E141032004F5B29 /* main.cpp in Sources */,
				C4604E2E1E141032004F5B29 /* Event.cpp in Sources */,
				C4604E511E141109004F5B29 /* BfsNode.cpp in Sources */,
				C4604E2B1E141032004F5B29 /* AI.cpp in Sources */,
				C4604E521E141109004F5B29 /* Warshall.cpp in Sources */,
				C4604E421E141049004F5B29 /* json_reader.cpp in Sources */,
				C4604E381E141032004F5B29 /* Queue.cpp in Sources */,
				C4604E321E141032004F5B29 /* Graph.cpp in Sources */,
				C4604E301E141032004F5B29 /* Game.cpp in Sources */,
				C4604E431E141049004F5B29 /* json_value.cpp in Sources */,
				C4604E2D1E141032004F5B29 /* Controller.cpp in Sources */,
				C4604E2C1E141032004F5B29 /* Constants.cpp in Sources */,
				C4604E341E141032004F5B29 /* Message.cpp in Sources */,
				C4604E371E141032004F5B29 /* Parser.cpp in Sources */,
			);
			runOnlyForDeploymentPostprocessing = 0;
		};
/* End PBXSourcesBuildPhase section */

/* Begin XCBuildConfiguration section */
		3ACAE7B11DFEF63600DDA7FA /* Debug */ = {
			isa = XCBuildConfiguration;
			buildSettings = {
				ALWAYS_SEARCH_USER_PATHS = NO;
				CLANG_ANALYZER_NONNULL = YES;
				CLANG_CXX_LANGUAGE_STANDARD = "gnu++0x";
				CLANG_CXX_LIBRARY = "libc++";
				CLANG_ENABLE_MODULES = YES;
				CLANG_ENABLE_OBJC_ARC = YES;
				CLANG_WARN_BOOL_CONVERSION = YES;
				CLANG_WARN_CONSTANT_CONVERSION = YES;
				CLANG_WARN_DIRECT_OBJC_ISA_USAGE = YES_ERROR;
				CLANG_WARN_DOCUMENTATION_COMMENTS = YES;
				CLANG_WARN_EMPTY_BODY = YES;
				CLANG_WARN_ENUM_CONVERSION = YES;
				CLANG_WARN_INFINITE_RECURSION = YES;
				CLANG_WARN_INT_CONVERSION = YES;
				CLANG_WARN_OBJC_ROOT_CLASS = YES_ERROR;
				CLANG_WARN_SUSPICIOUS_MOVES = YES;
				CLANG_WARN_UNREACHABLE_CODE = YES;
				CLANG_WARN__DUPLICATE_METHOD_MATCH = YES;
				CODE_SIGN_IDENTITY = "-";
				COPY_PHASE_STRIP = NO;
				DEBUG_INFORMATION_FORMAT = dwarf;
				ENABLE_STRICT_OBJC_MSGSEND = YES;
				ENABLE_TESTABILITY = YES;
				GCC_C_LANGUAGE_STANDARD = gnu99;
				GCC_DYNAMIC_NO_PIC = NO;
				GCC_NO_COMMON_BLOCKS = YES;
				GCC_OPTIMIZATION_LEVEL = 0;
				GCC_PREPROCESSOR_DEFINITIONS = (
					"DEBUG=1",
					"$(inherited)",
				);
				GCC_WARN_64_TO_32_BIT_CONVERSION = YES;
				GCC_WARN_ABOUT_RETURN_TYPE = YES_ERROR;
				GCC_WARN_UNDECLARED_SELECTOR = YES;
				GCC_WARN_UNINITIALIZED_AUTOS = YES_AGGRESSIVE;
				GCC_WARN_UNUSED_FUNCTION = YES;
				GCC_WARN_UNUSED_VARIABLE = YES;
				MACOSX_DEPLOYMENT_TARGET = 10.12;
				MTL_ENABLE_DEBUG_INFO = YES;
				ONLY_ACTIVE_ARCH = YES;
				SDKROOT = macosx;
			};
			name = Debug;
		};
		3ACAE7B21DFEF63600DDA7FA /* Release */ = {
			isa = XCBuildConfiguration;
			buildSettings = {
				ALWAYS_SEARCH_USER_PATHS = NO;
				CLANG_ANALYZER_NONNULL = YES;
				CLANG_CXX_LANGUAGE_STANDARD = "gnu++0x";
				CLANG_CXX_LIBRARY = "libc++";
				CLANG_ENABLE_MODULES = YES;
				CLANG_ENABLE_OBJC_ARC = YES;
				CLANG_WARN_BOOL_CONVERSION = YES;
				CLANG_WARN_CONSTANT_CONVERSION = YES;
				CLANG_WARN_DIRECT_OBJC_ISA_USAGE = YES_ERROR;
				CLANG_WARN_DOCUMENTATION_COMMENTS = YES;
				CLANG_WARN_EMPTY_BODY = YES;
				CLANG_WARN_ENUM_CONVERSION = YES;
				CLANG_WARN_INFINITE_RECURSION = YES;
				CLANG_WARN_INT_CONVERSION = YES;
				CLANG_WARN_OBJC_ROOT_CLASS = YES_ERROR;
				CLANG_WARN_SUSPICIOUS_MOVES = YES;
				CLANG_WARN_UNREACHABLE_CODE = YES;
				CLANG_WARN__DUPLICATE_METHOD_MATCH = YES;
				CODE_SIGN_IDENTITY = "-";
				COPY_PHASE_STRIP = NO;
				DEBUG_INFORMATION_FORMAT = "dwarf-with-dsym";
				ENABLE_NS_ASSERTIONS = NO;
				ENABLE_STRICT_OBJC_MSGSEND = YES;
				GCC_C_LANGUAGE_STANDARD = gnu99;
				GCC_NO_COMMON_BLOCKS = YES;
				GCC_WARN_64_TO_32_BIT_CONVERSION = YES;
				GCC_WARN_ABOUT_RETURN_TYPE = YES_ERROR;
				GCC_WARN_UNDECLARED_SELECTOR = YES;
				GCC_WARN_UNINITIALIZED_AUTOS = YES_AGGRESSIVE;
				GCC_WARN_UNUSED_FUNCTION = YES;
				GCC_WARN_UNUSED_VARIABLE = YES;
				MACOSX_DEPLOYMENT_TARGET = 10.12;
				MTL_ENABLE_DEBUG_INFO = NO;
				SDKROOT = macosx;
			};
			name = Release;
		};
		3ACAE7B41DFEF63600DDA7FA /* Debug */ = {
			isa = XCBuildConfiguration;
			buildSettings = {
				ARCHS = "$(ARCHS_STANDARD)";
				DEVELOPMENT_TEAM = DSF2H79A66;
				PRODUCT_NAME = "$(TARGET_NAME)";
			};
			name = Debug;
		};
		3ACAE7B51DFEF63600DDA7FA /* Release */ = {
			isa = XCBuildConfiguration;
			buildSettings = {
				ARCHS = "$(ARCHS_STANDARD)";
				DEVELOPMENT_TEAM = DSF2H79A66;
				PRODUCT_NAME = "$(TARGET_NAME)";
			};
			name = Release;
		};
/* End XCBuildConfiguration section */

/* Begin XCConfigurationList section */
		3ACAE7A71DFEF63600DDA7FA /* Build configuration list for PBXProject "DS-AI-Challange" */ = {
			isa = XCConfigurationList;
			buildConfigurations = (
				3ACAE7B11DFEF63600DDA7FA /* Debug */,
				3ACAE7B21DFEF63600DDA7FA /* Release */,
			);
			defaultConfigurationIsVisible = 0;
			defaultConfigurationName = Release;
		};
		3ACAE7B31DFEF63600DDA7FA /* Build configuration list for PBXNativeTarget "DS-AI-Challange" */ = {
			isa = XCConfigurationList;
			buildConfigurations = (
				3ACAE7B41DFEF63600DDA7FA /* Debug */,
				3ACAE7B51DFEF63600DDA7FA /* Release */,
			);
			defaultConfigurationIsVisible = 0;
			defaultConfigurationName = Release;
		};
/* End XCConfigurationList section */
	};
	rootObject = 3ACAE7A41DFEF63600DDA7FA /* Project object */;
}
